
Microsoft Visual Studio Solution File, Format Version 12.00
# Visual Studio Version 17
VisualStudioVersion = 17.9.34728.123
MinimumVisualStudioVersion = 10.0.40219.1
Project("{FAE04EC0-301F-11D3-BF4B-00C04F79EFBC}") = "SabiBeautyStudio", "SabiBeautyStudio\SabiBeautyStudio.csproj", "{2F2EB0CD-EB67-4D15-8F9E-DB2B66E04336}"
EndProject
Global
	GlobalSection(SolutionConfigurationPlatforms) = preSolution
		Debug|Any CPU = Debug|Any CPU
		Release|Any CPU = Release|Any CPU
	EndGlobalSection
	GlobalSection(ProjectConfigurationPlatforms) = postSolution
		{2F2EB0CD-EB67-4D15-8F9E-DB2B66E04336}.Debug|Any CPU.ActiveCfg = Debug|Any CPU
		{2F2EB0CD-EB67-4D15-8F9E-DB2B66E04336}.Debug|Any CPU.Build.0 = Debug|Any CPU
		{2F2EB0CD-EB67-4D15-8F9E-DB2B66E04336}.Release|Any CPU.ActiveCfg = Release|Any CPU
		{2F2EB0CD-EB67-4D15-8F9E-DB2B66E04336}.Release|Any CPU.Build.0 = Release|Any CPU
	EndGlobalSection
	GlobalSection(SolutionProperties) = preSolution
		HideSolutionNode = FALSE
	EndGlobalSection
	GlobalSection(ExtensibilityGlobals) = postSolution
		SolutionGuid = {D0F96981-44AD-4346-A795-85BBFFBE4815}
	EndGlobalSection
EndGlobal
